[root]
name = "dojob"
version = "0.0.1"
dependencies = [
 "kernel32-sys 0.0.9 (registry+https://github.com/rust-lang/crates.io-index)",
 "winapi 0.1.13 (registry+https://github.com/rust-lang/crates.io-index)",
]

[[package]]
name = "kernel32-sys"
version = "0.0.9"
source = "registry+https://github.com/rust-lang/crates.io-index"
dependencies = [
 "winapi 0.1.13 (registry+https://github.com/rust-lang/crates.io-index)",
]

[[package]]
name = "libc"
version = "0.1.2"
source = "registry+https://github.com/rust-lang/crates.io-index"

[[package]]
name = "winapi"
version = "0.1.13"
source = "registry+https://github.com/rust-lang/crates.io-index"
dependencies = [
 "libc 0.1.2 (registry+https://github.com/rust-lang/crates.io-index)",
]

